Microsoft Visual Studio Solution File, Format Version 10.00
# Visual Studio 2008
Project("{FAE04EC0-301F-11D3-BF4B-00C04F79EFBC}") = "SqlInjection_DatabaseExplorer", "SqlInjection_DatabaseExplorer.csproj", "{EC2087CE-C583-43A8-89A1-B89285FB6D39}"
EndProject
Global
	GlobalSection(SolutionConfigurationPlatforms) = preSolution
		Debug|Any CPU = Debug|Any CPU
		Release|Any CPU = Release|Any CPU
	EndGlobalSection
	GlobalSection(ProjectConfigurationPlatforms) = postSolution
		{EC2087CE-C583-43A8-89A1-B89285FB6D39}.Debug|Any CPU.ActiveCfg = Debug|Any CPU
		{EC2087CE-C583-43A8-89A1-B89285FB6D39}.Debug|Any CPU.Build.0 = Debug|Any CPU
		{EC2087CE-C583-43A8-89A1-B89285FB6D39}.Release|Any CPU.ActiveCfg = Release|Any CPU
		{EC2087CE-C583-43A8-89A1-B89285FB6D39}.Release|Any CPU.Build.0 = Release|Any CPU
	EndGlobalSection
	GlobalSection(SolutionProperties) = preSolution
		HideSolutionNode = FALSE
	EndGlobalSection
EndGlobal
